// !$*UTF8*$!
{
	archiveVersion = 1;
	classes = {
	};
	objectVersion = 50;
	objects = {

/* Begin PBXBuildFile section */
		59E3DBF421FCF61D00B41A52 /* AppDelegate.swift in Sources */ = {isa = PBXBuildFile; fileRef = 59E3DBF321FCF61D00B41A52 /* AppDelegate.swift */; };
		59E3DBF621FCF61D00B41A52 /* RootViewController.swift in Sources */ = {isa = PBXBuildFile; fileRef = 59E3DBF521FCF61D00B41A52 /* RootViewController.swift */; };
		59E3DBF821FCF61D00B41A52 /* DataViewController.swift in Sources */ = {isa = PBXBuildFile; fileRef = 59E3DBF721FCF61D00B41A52 /* DataViewController.swift */; };
		59E3DBFA21FCF61D00B41A52 /* ModelController.swift in Sources */ = {isa = PBXBuildFile; fileRef = 59E3DBF921FCF61D00B41A52 /* ModelController.swift */; };
		59E3DBFD21FCF61D00B41A52 /* Main.storyboard in Resources */ = {isa = PBXBuildFile; fileRef = 59E3DBFB21FCF61D00B41A52 /* Main.storyboard */; };
		59E3DBFF21FCF61F00B41A52 /* Assets.xcassets in Resources */ = {isa = PBXBuildFile; fileRef = 59E3DBFE21FCF61F00B41A52 /* Assets.xcassets */; };
		59E3DC0221FCF61F00B41A52 /* LaunchScreen.storyboard in Resources */ = {isa = PBXBuildFile; fileRef = 59E3DC0021FCF61F00B41A52 /* LaunchScreen.storyboard */; };
		59E3DC0D21FCF61F00B41A52 /* practice_1Tests.swift in Sources */ = {isa = PBXBuildFile; fileRef = 59E3DC0C21FCF61F00B41A52 /* practice_1Tests.swift */; };
		59E3DC1821FCF61F00B41A52 /* practice_1UITests.swift in Sources */ = {isa = PBXBuildFile; fileRef = 59E3DC1721FCF61F00B41A52 /* practice_1UITests.swift */; };
/* End PBXBuildFile section */

/* Begin PBXContainerItemProxy section */
		59E3DC0921FCF61F00B41A52 /* PBXContainerItemProxy */ = {
			isa = PBXContainerItemProxy;
			containerPortal = 59E3DBE821FCF61D00B41A52 /* Project object */;
			proxyType = 1;
			remoteGlobalIDString = 59E3DBEF21FCF61D00B41A52;
			remoteInfo = "practice 1";
		};
		59E3DC1421FCF61F00B41A52 /* PBXContainerItemProxy */ = {
			isa = PBXContainerItemProxy;
			containerPortal = 59E3DBE821FCF61D00B41A52 /* Project object */;
			proxyType = 1;
			remoteGlobalIDString = 59E3DBEF21FCF61D00B41A52;
			remoteInfo = "practice 1";
		};
/* End PBXContainerItemProxy section */

/* Begin PBXFileReference section */
		59E3DBF021FCF61D00B41A52 /* practice 1.app */ = {isa = PBXFileReference; explicitFileType = wrapper.application; includeInIndex = 0; path = "practice 1.app"; sourceTree = BUILT_PRODUCTS_DIR; };
		59E3DBF321FCF61D00B41A52 /* AppDelegate.swift */ = {isa = PBXFileReference; lastKnownFileType = sourcecode.swift; path = AppDelegate.swift; sourceTree = "<group>"; };
		59E3DBF521FCF61D00B41A52 /* RootViewController.swift */ = {isa = PBXFileReference; lastKnownFileType = sourcecode.swift; path = RootViewController.swift; sourceTree = "<group>"; };
		59E3DBF721FCF61D00B41A52 /* DataViewController.swift */ = {isa = PBXFileReference; lastKnownFileType = sourcecode.swift; path = DataViewController.swift; sourceTree = "<group>"; };
		59E3DBF921FCF61D00B41A52 /* ModelController.swift */ = {isa = PBXFileReference; lastKnownFileType = sourcecode.swift; path = ModelController.swift; sourceTree = "<group>"; };
		59E3DBFC21FCF61D00B41A52 /* Base */ = {isa = PBXFileReference; lastKnownFileType = file.storyboard; name = Base; path = Base.lproj/Main.storyboard; sourceTree = "<group>"; };
		59E3DBFE21FCF61F00B41A52 /* Assets.xcassets */ = {isa = PBXFileReference; lastKnownFileType = folder.assetcatalog; path = Assets.xcassets; sourceTree = "<group>"; };
		59E3DC0121FCF61F00B41A52 /* Base */ = {isa = PBXFileReference; lastKnownFileType = file.storyboard; name = Base; path = Base.lproj/LaunchScreen.storyboard; sourceTree = "<group>"; };
		59E3DC0321FCF61F00B41A52 /* Info.plist */ = {isa = PBXFileReference; lastKnownFileType = text.plist.xml; path = Info.plist; sourceTree = "<group>"; };
		59E3DC0821FCF61F00B41A52 /* practice 1Tests.xctest */ = {isa = PBXFileReference; explicitFileType = wrapper.cfbundle; includeInIndex = 0; path = "practice 1Tests.xctest"; sourceTree = BUILT_PRODUCTS_DIR; };
		59E3DC0C21FCF61F00B41A52 /* practice_1Tests.swift */ = {isa = PBXFileReference; lastKnownFileType = sourcecode.swift; path = practice_1Tests.swift; sourceTree = "<group>"; };
		59E3DC0E21FCF61F00B41A52 /* Info.plist */ = {isa = PBXFileReference; lastKnownFileType = text.plist.xml; path = Info.plist; sourceTree = "<group>"; };
		59E3DC1321FCF61F00B41A52 /* practice 1UITests.xctest */ = {isa = PBXFileReference; explicitFileType = wrapper.cfbundle; includeInIndex = 0; path = "practice 1UITests.xctest"; sourceTree = BUILT_PRODUCTS_DIR; };
		59E3DC1721FCF61F00B41A52 /* practice_1UITests.swift */ = {isa = PBXFileReference; lastKnownFileType = sourcecode.swift; path = practice_1UITests.swift; sourceTree = "<group>"; };
		59E3DC1921FCF61F00B41A52 /* Info.plist */ = {isa = PBXFileReference; lastKnownFileType = text.plist.xml; path = Info.plist; sourceTree = "<group>"; };
/* End PBXFileReference section */

/* Begin PBXFrameworksBuildPhase section */
		59E3DBED21FCF61D00B41A52 /* Frameworks */ = {
			isa = PBXFrameworksBuildPhase;
			buildActionMask = 2147483647;
			files = (
			);
			runOnlyForDeploymentPostprocessing = 0;
		};
		59E3DC0521FCF61F00B41A52 /* Frameworks */ = {
			isa = PBXFrameworksBuildPhase;
			buildActionMask = 2147483647;
			files = (
			);
			runOnlyForDeploymentPostprocessing = 0;
		};
		59E3DC1021FCF61F00B41A52 /* Frameworks */ = {
			isa = PBXFrameworksBuildPhase;
			buildActionMask = 2147483647;
			files = (
			);
			runOnlyForDeploymentPostprocessing = 0;
		};
/* End PBXFrameworksBuildPhase section */

/* Begin PBXGroup section */
		59E3DBE721FCF61D00B41A52 = {
			isa = PBXGroup;
			children = (
				59E3DBF221FCF61D00B41A52 /* practice 1 */,
				59E3DC0B21FCF61F00B41A52 /* practice 1Tests */,
				59E3DC1621FCF61F00B41A52 /* practice 1UITests */,
				59E3DBF121FCF61D00B41A52 /* Products */,
			);
			sourceTree = "<group>";
		};
		59E3DBF121FCF61D00B41A52 /* Products */ = {
			isa = PBXGroup;
			children = (
				59E3DBF021FCF61D00B41A52 /* practice 1.app */,
				59E3DC0821FCF61F00B41A52 /* practice 1Tests.xctest */,
				59E3DC1321FCF61F00B41A52 /* practice 1UITests.xctest */,
			);
			name = Products;
			sourceTree = "<group>";
		};
		59E3DBF221FCF61D00B41A52 /* practice 1 */ = {
			isa = PBXGroup;
			children = (
				59E3DBF321FCF61D00B41A52 /* AppDelegate.swift */,
				59E3DBF521FCF61D00B41A52 /* RootViewController.swift */,
				59E3DBF721FCF61D00B41A52 /* DataViewController.swift */,
				59E3DBF921FCF61D00B41A52 /* ModelController.swift */,
				59E3DBFB21FCF61D00B41A52 /* Main.storyboard */,
				59E3DBFE21FCF61F00B41A52 /* Assets.xcassets */,
				59E3DC0021FCF61F00B41A52 /* LaunchScreen.storyboard */,
				59E3DC0321FCF61F00B41A52 /* Info.plist */,
			);
			path = "practice 1";
			sourceTree = "<group>";
		};
		59E3DC0B21FCF61F00B41A52 /* practice 1Tests */ = {
			isa = PBXGroup;
			children = (
				59E3DC0C21FCF61F00B41A52 /* practice_1Tests.swift */,
				59E3DC0E21FCF61F00B41A52 /* Info.plist */,
			);
			path = "practice 1Tests";
			sourceTree = "<group>";
		};
		59E3DC1621FCF61F00B41A52 /* practice 1UITests */ = {
			isa = PBXGroup;
			children = (
				59E3DC1721FCF61F00B41A52 /* practice_1UITests.swift */,
				59E3DC1921FCF61F00B41A52 /* Info.plist */,
			);
			path = "practice 1UITests";
			sourceTree = "<group>";
		};
/* End PBXGroup section */

/* Begin PBXNativeTarget section */
		59E3DBEF21FCF61D00B41A52 /* practice 1 */ = {
			isa = PBXNativeTarget;
			buildConfigurationList = 59E3DC1C21FCF61F00B41A52 /* Build configuration list for PBXNativeTarget "practice 1" */;
			buildPhases = (
				59E3DBEC21FCF61D00B41A52 /* Sources */,
				59E3DBED21FCF61D00B41A52 /* Frameworks */,
				59E3DBEE21FCF61D00B41A52 /* Resources */,
			);
			buildRules = (
			);
			dependencies = (
			);
			name = "practice 1";
			productName = "practice 1";
			productReference = 59E3DBF021FCF61D00B41A52 /* practice 1.app */;
			productType = "com.apple.product-type.application";
		};
		59E3DC0721FCF61F00B41A52 /* practice 1Tests */ = {
			isa = PBXNativeTarget;
			buildConfigurationList = 59E3DC1F21FCF61F00B41A52 /* Build configuration list for PBXNativeTarget "practice 1Tests" */;
			buildPhases = (
				59E3DC0421FCF61F00B41A52 /* Sources */,
				59E3DC0521FCF61F00B41A52 /* Frameworks */,
				59E3DC0621FCF61F00B41A52 /* Resources */,
			);
			buildRules = (
			);
			dependencies = (
				59E3DC0A21FCF61F00B41A52 /* PBXTargetDependency */,
			);
			name = "practice 1Tests";
			productName = "practice 1Tests";
			productReference = 59E3DC0821FCF61F00B41A52 /* practice 1Tests.xctest */;
			productType = "com.apple.product-type.bundle.unit-test";
		};
		59E3DC1221FCF61F00B41A52 /* practice 1UITests */ = {
			isa = PBXNativeTarget;
			buildConfigurationList = 59E3DC2221FCF61F00B41A52 /* Build configuration list for PBXNativeTarget "practice 1UITests" */;
			buildPhases = (
				59E3DC0F21FCF61F00B41A52 /* Sources */,
				59E3DC1021FCF61F00B41A52 /* Frameworks */,
				59E3DC1121FCF61F00B41A52 /* Resources */,
			);
			buildRules = (
			);
			dependencies = (
				59E3DC1521FCF61F00B41A52 /* PBXTargetDependency */,
			);
			name = "practice 1UITests";
			productName = "practice 1UITests";
			productReference = 59E3DC1321FCF61F00B41A52 /* practice 1UITests.xctest */;
			productType = "com.apple.product-type.bundle.ui-testing";
		};
/* End PBXNativeTarget section */

/* Begin PBXProject section */
		59E3DBE821FCF61D00B41A52 /* Project object */ = {
			isa = PBXProject;
			attributes = {
				LastSwiftUpdateCheck = 1010;
				LastUpgradeCheck = 1010;
				ORGANIZATIONNAME = "Larissa Yllescas";
				TargetAttributes = {
					59E3DBEF21FCF61D00B41A52 = {
						CreatedOnToolsVersion = 10.1;
					};
					59E3DC0721FCF61F00B41A52 = {
						CreatedOnToolsVersion = 10.1;
						TestTargetID = 59E3DBEF21FCF61D00B41A52;
					};
					59E3DC1221FCF61F00B41A52 = {
						CreatedOnToolsVersion = 10.1;
						TestTargetID = 59E3DBEF21FCF61D00B41A52;
					};
				};
			};
			buildConfigurationList = 59E3DBEB21FCF61D00B41A52 /* Build configuration list for PBXProject "practice 1" */;
			compatibilityVersion = "Xcode 9.3";
			developmentRegion = en;
			hasScannedForEncodings = 0;
			knownRegions = (
				en,
				Base,
			);
			mainGroup = 59E3DBE721FCF61D00B41A52;
			productRefGroup = 59E3DBF121FCF61D00B41A52 /* Products */;
			projectDirPath = "";
			projectRoot = "";
			targets = (
				59E3DBEF21FCF61D00B41A52 /* practice 1 */,
				59E3DC0721FCF61F00B41A52 /* practice 1Tests */,
				59E3DC1221FCF61F00B41A52 /* practice 1UITests */,
			);
		};
/* End PBXProject section */

/* Begin PBXResourcesBuildPhase section */
		59E3DBEE21FCF61D00B41A52 /* Resources */ = {
			isa = PBXResourcesBuildPhase;
			buildActionMask = 2147483647;
			files = (
				59E3DC0221FCF61F00B41A52 /* LaunchScreen.storyboard in Resources */,
				59E3DBFF21FCF61F00B41A52 /* Assets.xcassets in Resources */,
				59E3DBFD21FCF61D00B41A52 /* Main.storyboard in Resources */,
			);
			runOnlyForDeploymentPostprocessing = 0;
		};
		59E3DC0621FCF61F00B41A52 /* Resources */ = {
			isa = PBXResourcesBuildPhase;
			buildActionMask = 2147483647;
			files = (
			);
			runOnlyForDeploymentPostprocessing = 0;
		};
		59E3DC1121FCF61F00B41A52 /* Resources */ = {
			isa = PBXResourcesBuildPhase;
			buildActionMask = 2147483647;
			files = (
			);
			runOnlyForDeploymentPostprocessing = 0;
		};
/* End PBXResourcesBuildPhase section */

/* Begin PBXSourcesBuildPhase section */
		59E3DBEC21FCF61D00B41A52 /* Sources */ = {
			isa = PBXSourcesBuildPhase;
			buildActionMask = 2147483647;
			files = (
				59E3DBF621FCF61D00B41A52 /* RootViewController.swift in Sources */,
				59E3DBFA21FCF61D00B41A52 /* ModelController.swift in Sources */,
				59E3DBF821FCF61D00B41A52 /* DataViewController.swift in Sources */,
				59E3DBF421FCF61D00B41A52 /* AppDelegate.swift in Sources */,
			);
			runOnlyForDeploymentPostprocessing = 0;
		};
		59E3DC0421FCF61F00B41A52 /* Sources */ = {
			isa = PBXSourcesBuildPhase;
			buildActionMask = 2147483647;
			files = (
				59E3DC0D21FCF61F00B41A52 /* practice_1Tests.swift in Sources */,
			);
			runOnlyForDeploymentPostprocessing = 0;
		};
		59E3DC0F21FCF61F00B41A52 /* Sources */ = {
			isa = PBXSourcesBuildPhase;
			buildActionMask = 2147483647;
			files = (
				59E3DC1821FCF61F00B41A52 /* practice_1UITests.swift in Sources */,
			);
			runOnlyForDeploymentPostprocessing = 0;
		};
/* End PBXSourcesBuildPhase section */

/* Begin PBXTargetDependency section */
		59E3DC0A21FCF61F00B41A52 /* PBXTargetDependency */ = {
			isa = PBXTargetDependency;
			target = 59E3DBEF21FCF61D00B41A52 /* practice 1 */;
			targetProxy = 59E3DC0921FCF61F00B41A52 /* PBXContainerItemProxy */;
		};
		59E3DC1521FCF61F00B41A52 /* PBXTargetDependency */ = {
			isa = PBXTargetDependency;
			target = 59E3DBEF21FCF61D00B41A52 /* practice 1 */;
			targetProxy = 59E3DC1421FCF61F00B41A52 /* PBXContainerItemProxy */;
		};
/* End PBXTargetDependency section */

/* Begin PBXVariantGroup section */
		59E3DBFB21FCF61D00B41A52 /* Main.storyboard */ = {
			isa = PBXVariantGroup;
			children = (
				59E3DBFC21FCF61D00B41A52 /* Base */,
			);
			name = Main.storyboard;
			sourceTree = "<group>";
		};
		59E3DC0021FCF61F00B41A52 /* LaunchScreen.storyboard */ = {
			isa = PBXVariantGroup;
			children = (
				59E3DC0121FCF61F00B41A52 /* Base */,
			);
			name = LaunchScreen.storyboard;
			sourceTree = "<group>";
		};
/* End PBXVariantGroup section */

/* Begin XCBuildConfiguration section */
		59E3DC1A21FCF61F00B41A52 /* Debug */ = {
			isa = XCBuildConfiguration;
			buildSettings = {
				ALWAYS_SEARCH_USER_PATHS = NO;
				CLANG_ANALYZER_NONNULL = YES;
				CLANG_ANALYZER_NUMBER_OBJECT_CONVERSION = YES_AGGRESSIVE;
				CLANG_CXX_LANGUAGE_STANDARD = "gnu++14";
				CLANG_CXX_LIBRARY = "libc++";
				CLANG_ENABLE_MODULES = YES;
				CLANG_ENABLE_OBJC_ARC = YES;
				CLANG_ENABLE_OBJC_WEAK = YES;
				CLANG_WARN_BLOCK_CAPTURE_AUTORELEASING = YES;
				CLANG_WARN_BOOL_CONVERSION = YES;
				CLANG_WARN_COMMA = YES;
				CLANG_WARN_CONSTANT_CONVERSION = YES;
				CLANG_WARN_DEPRECATED_OBJC_IMPLEMENTATIONS = YES;
				CLANG_WARN_DIRECT_OBJC_ISA_USAGE = YES_ERROR;
				CLANG_WARN_DOCUMENTATION_COMMENTS = YES;
				CLANG_WARN_EMPTY_BODY = YES;
				CLANG_WARN_ENUM_CONVERSION = YES;
				CLANG_WARN_INFINITE_RECURSION = YES;
				CLANG_WARN_INT_CONVERSION = YES;
				CLANG_WARN_NON_LITERAL_NULL_CONVERSION = YES;
				CLANG_WARN_OBJC_IMPLICIT_RETAIN_SELF = YES;
				CLANG_WARN_OBJC_LITERAL_CONVERSION = YES;
				CLANG_WARN_OBJC_ROOT_CLASS = YES_ERROR;
				CLANG_WARN_RANGE_LOOP_ANALYSIS = YES;
				CLANG_WARN_STRICT_PROTOTYPES = YES;
				CLANG_WARN_SUSPICIOUS_MOVE = YES;
				CLANG_WARN_UNGUARDED_AVAILABILITY = YES_AGGRESSIVE;
				CLANG_WARN_UNREACHABLE_CODE = YES;
				CLANG_WARN__DUPLICATE_METHOD_MATCH = YES;
				CODE_SIGN_IDENTITY = "iPhone Developer";
				COPY_PHASE_STRIP = NO;
				DEBUG_INFORMATION_FORMAT = dwarf;
				ENABLE_STRICT_OBJC_MSGSEND = YES;
				ENABLE_TESTABILITY = YES;
				GCC_C_LANGUAGE_STANDARD = gnu11;
				GCC_DYNAMIC_NO_PIC = NO;
				GCC_NO_COMMON_BLOCKS = YES;
				GCC_OPTIMIZATION_LEVEL = 0;
				GCC_PREPROCESSOR_DEFINITIONS = (
					"DEBUG=1",
					"$(inherited)",
				);
				GCC_WARN_64_TO_32_BIT_CONVERSION = YES;
				GCC_WARN_ABOUT_RETURN_TYPE = YES_ERROR;
				GCC_WARN_UNDECLARED_SELECTOR = YES;
				GCC_WARN_UNINITIALIZED_AUTOS = YES_AGGRESSIVE;
				GCC_WARN_UNUSED_FUNCTION = YES;
				GCC_WARN_UNUSED_VARIABLE = YES;
				IPHONEOS_DEPLOYMENT_TARGET = 12.1;
				MTL_ENABLE_DEBUG_INFO = INCLUDE_SOURCE;
				MTL_FAST_MATH = YES;
				ONLY_ACTIVE_ARCH = YES;
				SDKROOT = iphoneos;
				SWIFT_ACTIVE_COMPILATION_CONDITIONS = DEBUG;
				SWIFT_OPTIMIZATION_LEVEL = "-Onone";
			};
			name = Debug;
		};
		59E3DC1B21FCF61F00B41A52 /* Release */ = {
			isa = XCBuildConfiguration;
			buildSettings = {
				ALWAYS_SEARCH_USER_PATHS = NO;
				CLANG_ANALYZER_NONNULL = YES;
				CLANG_ANALYZER_NUMBER_OBJECT_CONVERSION = YES_AGGRESSIVE;
				CLANG_CXX_LANGUAGE_STANDARD = "gnu++14";
				CLANG_CXX_LIBRARY = "libc++";
				CLANG_ENABLE_MODULES = YES;
				CLANG_ENABLE_OBJC_ARC = YES;
				CLANG_ENABLE_OBJC_WEAK = YES;
				CLANG_WARN_BLOCK_CAPTURE_AUTORELEASING = YES;
				CLANG_WARN_BOOL_CONVERSION = YES;
				CLANG_WARN_COMMA = YES;
				CLANG_WARN_CONSTANT_CONVERSION = YES;
				CLANG_WARN_DEPRECATED_OBJC_IMPLEMENTATIONS = YES;
				CLANG_WARN_DIRECT_OBJC_ISA_USAGE = YES_ERROR;
				CLANG_WARN_DOCUMENTATION_COMMENTS = YES;
				CLANG_WARN_EMPTY_BODY = YES;
				CLANG_WARN_ENUM_CONVERSION = YES;
				CLANG_WARN_INFINITE_RECURSION = YES;
				CLANG_WARN_INT_CONVERSION = YES;
				CLANG_WARN_NON_LITERAL_NULL_CONVERSION = YES;
				CLANG_WARN_OBJC_IMPLICIT_RETAIN_SELF = YES;
				CLANG_WARN_OBJC_LITERAL_CONVERSION = YES;
				CLANG_WARN_OBJC_ROOT_CLASS = YES_ERROR;
				CLANG_WARN_RANGE_LOOP_ANALYSIS = YES;
				CLANG_WARN_STRICT_PROTOTYPES = YES;
				CLANG_WARN_SUSPICIOUS_MOVE = YES;
				CLANG_WARN_UNGUARDED_AVAILABILITY = YES_AGGRESSIVE;
				CLANG_WARN_UNREACHABLE_CODE = YES;
				CLANG_WARN__DUPLICATE_METHOD_MATCH = YES;
				CODE_SIGN_IDENTITY = "iPhone Developer";
				COPY_PHASE_STRIP = NO;
				DEBUG_INFORMATION_FORMAT = "dwarf-with-dsym";
				ENABLE_NS_ASSERTIONS = NO;
				ENABLE_STRICT_OBJC_MSGSEND = YES;
				GCC_C_LANGUAGE_STANDARD = gnu11;
				GCC_NO_COMMON_BLOCKS = YES;
				GCC_WARN_64_TO_32_BIT_CONVERSION = YES;
				GCC_WARN_ABOUT_RETURN_TYPE = YES_ERROR;
				GCC_WARN_UNDECLARED_SELECTOR = YES;
				GCC_WARN_UNINITIALIZED_AUTOS = YES_AGGRESSIVE;
				GCC_WARN_UNUSED_FUNCTION = YES;
				GCC_WARN_UNUSED_VARIABLE = YES;
				IPHONEOS_DEPLOYMENT_TARGET = 12.1;
				MTL_ENABLE_DEBUG_INFO = NO;
				MTL_FAST_MATH = YES;
				SDKROOT = iphoneos;
				SWIFT_COMPILATION_MODE = wholemodule;
				SWIFT_OPTIMIZATION_LEVEL = "-O";
				VALIDATE_PRODUCT = YES;
			};
			name = Release;
		};
		59E3DC1D21FCF61F00B41A52 /* Debug */ = {
			isa = XCBuildConfiguration;
			buildSettings = {
				ASSETCATALOG_COMPILER_APPICON_NAME = AppIcon;
				CODE_SIGN_STYLE = Automatic;
				INFOPLIST_FILE = "practice 1/Info.plist";
				LD_RUNPATH_SEARCH_PATHS = (
					"$(inherited)",
					"@executable_path/Frameworks",
				);
				PRODUCT_BUNDLE_IDENTIFIER = "com.practice-1";
				PRODUCT_NAME = "$(TARGET_NAME)";
				SWIFT_VERSION = 4.2;
				TARGETED_DEVICE_FAMILY = "1,2";
			};
			name = Debug;
		};
		59E3DC1E21FCF61F00B41A52 /* Release */ = {
			isa = XCBuildConfiguration;
			buildSettings = {
				ASSETCATALOG_COMPILER_APPICON_NAME = AppIcon;
				CODE_SIGN_STYLE = Automatic;
				INFOPLIST_FILE = "practice 1/Info.plist";
				LD_RUNPATH_SEARCH_PATHS = (
					"$(inherited)",
					"@executable_path/Frameworks",
				);
				PRODUCT_BUNDLE_IDENTIFIER = "com.practice-1";
				PRODUCT_NAME = "$(TARGET_NAME)";
				SWIFT_VERSION = 4.2;
				TARGETED_DEVICE_FAMILY = "1,2";
			};
			name = Release;
		};
		59E3DC2021FCF61F00B41A52 /* Debug */ = {
			isa = XCBuildConfiguration;
			buildSettings = {
				ALWAYS_EMBED_SWIFT_STANDARD_LIBRARIES = YES;
				BUNDLE_LOADER = "$(TEST_HOST)";
				CODE_SIGN_STYLE = Automatic;
				INFOPLIST_FILE = "practice 1Tests/Info.plist";
				LD_RUNPATH_SEARCH_PATHS = (
					"$(inherited)",
					"@executable_path/Frameworks",
					"@loader_path/Frameworks",
				);
				PRODUCT_BUNDLE_IDENTIFIER = "com.practice-1Tests";
				PRODUCT_NAME = "$(TARGET_NAME)";
				SWIFT_VERSION = 4.2;
				TARGETED_DEVICE_FAMILY = "1,2";
				TEST_HOST = "$(BUILT_PRODUCTS_DIR)/practice 1.app/practice 1";
			};
			name = Debug;
		};
		59E3DC2121FCF61F00B41A52 /* Release */ = {
			isa = XCBuildConfiguration;
			buildSettings = {
				ALWAYS_EMBED_SWIFT_STANDARD_LIBRARIES = YES;
				BUNDLE_LOADER = "$(TEST_HOST)";
				CODE_SIGN_STYLE = Automatic;
				INFOPLIST_FILE = "practice 1Tests/Info.plist";
				LD_RUNPATH_SEARCH_PATHS = (
					"$(inherited)",
					"@executable_path/Frameworks",
					"@loader_path/Frameworks",
				);
				PRODUCT_BUNDLE_IDENTIFIER = "com.practice-1Tests";
				PRODUCT_NAME = "$(TARGET_NAME)";
				SWIFT_VERSION = 4.2;
				TARGETED_DEVICE_FAMILY = "1,2";
				TEST_HOST = "$(BUILT_PRODUCTS_DIR)/practice 1.app/practice 1";
			};
			name = Release;
		};
		59E3DC2321FCF61F00B41A52 /* Debug */ = {
			isa = XCBuildConfiguration;
			buildSettings = {
				ALWAYS_EMBED_SWIFT_STANDARD_LIBRARIES = YES;
				CODE_SIGN_STYLE = Automatic;
				INFOPLIST_FILE = "practice 1UITests/Info.plist";
				LD_RUNPATH_SEARCH_PATHS = (
					"$(inherited)",
					"@executable_path/Frameworks",
					"@loader_path/Frameworks",
				);
				PRODUCT_BUNDLE_IDENTIFIER = "com.practice-1UITests";
				PRODUCT_NAME = "$(TARGET_NAME)";
				SWIFT_VERSION = 4.2;
				TARGETED_DEVICE_FAMILY = "1,2";
				TEST_TARGET_NAME = "practice 1";
			};
			name = Debug;
		};
		59E3DC2421FCF61F00B41A52 /* Release */ = {
			isa = XCBuildConfiguration;
			buildSettings = {
				ALWAYS_EMBED_SWIFT_STANDARD_LIBRARIES = YES;
				CODE_SIGN_STYLE = Automatic;
				INFOPLIST_FILE = "practice 1UITests/Info.plist";
				LD_RUNPATH_SEARCH_PATHS = (
					"$(inherited)",
					"@executable_path/Frameworks",
					"@loader_path/Frameworks",
				);
				PRODUCT_BUNDLE_IDENTIFIER = "com.practice-1UITests";
				PRODUCT_NAME = "$(TARGET_NAME)";
				SWIFT_VERSION = 4.2;
				TARGETED_DEVICE_FAMILY = "1,2";
				TEST_TARGET_NAME = "practice 1";
			};
			name = Release;
		};
/* End XCBuildConfiguration section */

/* Begin XCConfigurationList section */
		59E3DBEB21FCF61D00B41A52 /* Build configuration list for PBXProject "practice 1" */ = {
			isa = XCConfigurationList;
			buildConfigurations = (
				59E3DC1A21FCF61F00B41A52 /* Debug */,
				59E3DC1B21FCF61F00B41A52 /* Release */,
			);
			defaultConfigurationIsVisible = 0;
			defaultConfigurationName = Release;
		};
		59E3DC1C21FCF61F00B41A52 /* Build configuration list for PBXNativeTarget "practice 1" */ = {
			isa = XCConfigurationList;
			buildConfigurations = (
				59E3DC1D21FCF61F00B41A52 /* Debug */,
				59E3DC1E21FCF61F00B41A52 /* Release */,
			);
			defaultConfigurationIsVisible = 0;
			defaultConfigurationName = Release;
		};
		59E3DC1F21FCF61F00B41A52 /* Build configuration list for PBXNativeTarget "practice 1Tests" */ = {
			isa = XCConfigurationList;
			buildConfigurations = (
				59E3DC2021FCF61F00B41A52 /* Debug */,
				59E3DC2121FCF61F00B41A52 /* Release */,
			);
			defaultConfigurationIsVisible = 0;
			defaultConfigurationName = Release;
		};
		59E3DC2221FCF61F00B41A52 /* Build configuration list for PBXNativeTarget "practice 1UITests" */ = {
			isa = XCConfigurationList;
			buildConfigurations = (
				59E3DC2321FCF61F00B41A52 /* Debug */,
				59E3DC2421FCF61F00B41A52 /* Release */,
			);
			defaultConfigurationIsVisible = 0;
			defaultConfigurationName = Release;
		};
/* End XCConfigurationList section */
	};
	rootObject = 59E3DBE821FCF61D00B41A52 /* Project object */;
}
